
Microsoft Visual Studio Solution File, Format Version 12.00
# Visual Studio Version 17
VisualStudioVersion = 17.1.32228.430
MinimumVisualStudioVersion = 10.0.40219.1
Project("{FAE04EC0-301F-11D3-BF4B-00C04F79EFBC}") = "CarsDB", "CarsDB\CarsDB.csproj", "{0F4283AB-BE84-4AAD-95E5-FD5C388C3305}"
EndProject
Global
	GlobalSection(SolutionConfigurationPlatforms) = preSolution
		Debug|Any CPU = Debug|Any CPU
		Release|Any CPU = Release|Any CPU
	EndGlobalSection
	GlobalSection(ProjectConfigurationPlatforms) = postSolution
		{0F4283AB-BE84-4AAD-95E5-FD5C388C3305}.Debug|Any CPU.ActiveCfg = Debug|Any CPU
		{0F4283AB-BE84-4AAD-95E5-FD5C388C3305}.Debug|Any CPU.Build.0 = Debug|Any CPU
		{0F4283AB-BE84-4AAD-95E5-FD5C388C3305}.Release|Any CPU.ActiveCfg = Release|Any CPU
		{0F4283AB-BE84-4AAD-95E5-FD5C388C3305}.Release|Any CPU.Build.0 = Release|Any CPU
	EndGlobalSection
	GlobalSection(SolutionProperties) = preSolution
		HideSolutionNode = FALSE
	EndGlobalSection
	GlobalSection(ExtensibilityGlobals) = postSolution
		SolutionGuid = {D2A546E5-1FA4-4874-BD4E-5D58637490AA}
	EndGlobalSection
EndGlobal
